
Microsoft Visual Studio Solution File, Format Version 12.00
# Visual Studio 15
Project("{FAE04EC0-301F-11D3-BF4B-00C04F79EFBC}") = "Assembly-CSharp", "Assembly-CSharp.csproj", "{31AD9A96-C4FF-4735-43F2-1ABBD82EAB90}"
EndProject
Project("{FAE04EC0-301F-11D3-BF4B-00C04F79EFBC}") = "Assembly-CSharp-firstpass", "Assembly-CSharp-firstpass.csproj", "{DA9BD128-F8C9-106E-6688-3F590C44F305}"
EndProject
Project("{FAE04EC0-301F-11D3-BF4B-00C04F79EFBC}") = "Assembly-CSharp-Editor", "Assembly-CSharp-Editor.csproj", "{CC09075F-04F3-A78F-59FA-293FD532F481}"
EndProject
Global
	GlobalSection(SolutionConfigurationPlatforms) = preSolution
		Debug|Any CPU = Debug|Any CPU
		Release|Any CPU = Release|Any CPU
	EndGlobalSection
	GlobalSection(ProjectConfigurationPlatforms) = postSolution
		{31AD9A96-C4FF-4735-43F2-1ABBD82EAB90}.Debug|Any CPU.ActiveCfg = Debug|Any CPU
		{31AD9A96-C4FF-4735-43F2-1ABBD82EAB90}.Debug|Any CPU.Build.0 = Debug|Any CPU
		{31AD9A96-C4FF-4735-43F2-1ABBD82EAB90}.Release|Any CPU.ActiveCfg = Release|Any CPU
		{31AD9A96-C4FF-4735-43F2-1ABBD82EAB90}.Release|Any CPU.Build.0 = Release|Any CPU
		{DA9BD128-F8C9-106E-6688-3F590C44F305}.Debug|Any CPU.ActiveCfg = Debug|Any CPU
		{DA9BD128-F8C9-106E-6688-3F590C44F305}.Debug|Any CPU.Build.0 = Debug|Any CPU
		{DA9BD128-F8C9-106E-6688-3F590C44F305}.Release|Any CPU.ActiveCfg = Release|Any CPU
		{DA9BD128-F8C9-106E-6688-3F590C44F305}.Release|Any CPU.Build.0 = Release|Any CPU
		{CC09075F-04F3-A78F-59FA-293FD532F481}.Debug|Any CPU.ActiveCfg = Debug|Any CPU
		{CC09075F-04F3-A78F-59FA-293FD532F481}.Debug|Any CPU.Build.0 = Debug|Any CPU
		{CC09075F-04F3-A78F-59FA-293FD532F481}.Release|Any CPU.ActiveCfg = Release|Any CPU
		{CC09075F-04F3-A78F-59FA-293FD532F481}.Release|Any CPU.Build.0 = Release|Any CPU
	EndGlobalSection
	GlobalSection(SolutionProperties) = preSolution
		HideSolutionNode = FALSE
	EndGlobalSection
EndGlobal
